
Microsoft Visual Studio Solution File, Format Version 12.00
# Visual Studio Version 17
VisualStudioVersion = 17.13.35806.99
MinimumVisualStudioVersion = 10.0.40219.1
Project("{8BC9CEB8-8B4A-11D0-8D11-00A0C91BC942}") = "CPP_Anotation", "CPP_Anotation\CPP_Anotation.vcxproj", "{8E7F34D2-514B-4166-ADC6-FCAAA282E31F}"
EndProject
Project("{8BC9CEB8-8B4A-11D0-8D11-00A0C91BC942}") = "CPP_Anotation2", "CPP_Anotation2\CPP_Anotation2.vcxproj", "{C16138E6-3BC8-4DAC-837C-3C14C4936A60}"
EndProject
Project("{8BC9CEB8-8B4A-11D0-8D11-00A0C91BC942}") = "CPP_Anotation3", "CPP_Anotation3\CPP_Anotation3.vcxproj", "{B83FDF9B-FE63-49A2-9D1E-4913FB193C1B}"
EndProject
Project("{8BC9CEB8-8B4A-11D0-8D11-00A0C91BC942}") = "CPP_Anotation4", "CPP_Anotation4\CPP_Anotation4.vcxproj", "{01A8CB0D-CC89-4E04-B578-D909302DB0DB}"
EndProject
Project("{8BC9CEB8-8B4A-11D0-8D11-00A0C91BC942}") = "CPP_Anotation5", "CPP_Anotation5\CPP_Anotation5.vcxproj", "{DA33E1B7-DA07-4860-9522-828CCD8EB25B}"
EndProject
Global
	GlobalSection(SolutionConfigurationPlatforms) = preSolution
		Debug|x64 = Debug|x64
		Debug|x86 = Debug|x86
		Release|x64 = Release|x64
		Release|x86 = Release|x86
	EndGlobalSection
	GlobalSection(ProjectConfigurationPlatforms) = postSolution
		{8E7F34D2-514B-4166-ADC6-FCAAA282E31F}.Debug|x64.ActiveCfg = Debug|x64
		{8E7F34D2-514B-4166-ADC6-FCAAA282E31F}.Debug|x64.Build.0 = Debug|x64
		{8E7F34D2-514B-4166-ADC6-FCAAA282E31F}.Debug|x86.ActiveCfg = Debug|Win32
		{8E7F34D2-514B-4166-ADC6-FCAAA282E31F}.Release|x64.ActiveCfg = Release|x64
		{8E7F34D2-514B-4166-ADC6-FCAAA282E31F}.Release|x64.Build.0 = Release|x64
		{8E7F34D2-514B-4166-ADC6-FCAAA282E31F}.Release|x86.ActiveCfg = Release|Win32
		{8E7F34D2-514B-4166-ADC6-FCAAA282E31F}.Release|x86.Build.0 = Release|Win32
		{C16138E6-3BC8-4DAC-837C-3C14C4936A60}.Debug|x64.ActiveCfg = Debug|x64
		{C16138E6-3BC8-4DAC-837C-3C14C4936A60}.Debug|x64.Build.0 = Debug|x64
		{C16138E6-3BC8-4DAC-837C-3C14C4936A60}.Debug|x86.ActiveCfg = Debug|Win32
		{C16138E6-3BC8-4DAC-837C-3C14C4936A60}.Release|x64.ActiveCfg = Release|x64
		{C16138E6-3BC8-4DAC-837C-3C14C4936A60}.Release|x64.Build.0 = Release|x64
		{C16138E6-3BC8-4DAC-837C-3C14C4936A60}.Release|x86.ActiveCfg = Release|Win32
		{C16138E6-3BC8-4DAC-837C-3C14C4936A60}.Release|x86.Build.0 = Release|Win32
		{B83FDF9B-FE63-49A2-9D1E-4913FB193C1B}.Debug|x64.ActiveCfg = Debug|x64
		{B83FDF9B-FE63-49A2-9D1E-4913FB193C1B}.Debug|x64.Build.0 = Debug|x64
		{B83FDF9B-FE63-49A2-9D1E-4913FB193C1B}.Debug|x86.ActiveCfg = Debug|Win32
		{B83FDF9B-FE63-49A2-9D1E-4913FB193C1B}.Release|x64.ActiveCfg = Release|x64
		{B83FDF9B-FE63-49A2-9D1E-4913FB193C1B}.Release|x64.Build.0 = Release|x64
		{B83FDF9B-FE63-49A2-9D1E-4913FB193C1B}.Release|x86.ActiveCfg = Release|Win32
		{B83FDF9B-FE63-49A2-9D1E-4913FB193C1B}.Release|x86.Build.0 = Release|Win32
		{01A8CB0D-CC89-4E04-B578-D909302DB0DB}.Debug|x64.ActiveCfg = Debug|x64
		{01A8CB0D-CC89-4E04-B578-D909302DB0DB}.Debug|x64.Build.0 = Debug|x64
		{01A8CB0D-CC89-4E04-B578-D909302DB0DB}.Debug|x86.ActiveCfg = Debug|Win32
		{01A8CB0D-CC89-4E04-B578-D909302DB0DB}.Release|x64.ActiveCfg = Release|x64
		{01A8CB0D-CC89-4E04-B578-D909302DB0DB}.Release|x64.Build.0 = Release|x64
		{01A8CB0D-CC89-4E04-B578-D909302DB0DB}.Release|x86.ActiveCfg = Release|Win32
		{01A8CB0D-CC89-4E04-B578-D909302DB0DB}.Release|x86.Build.0 = Release|Win32
		{DA33E1B7-DA07-4860-9522-828CCD8EB25B}.Debug|x64.ActiveCfg = Debug|x64
		{DA33E1B7-DA07-4860-9522-828CCD8EB25B}.Debug|x64.Build.0 = Debug|x64
		{DA33E1B7-DA07-4860-9522-828CCD8EB25B}.Debug|x86.ActiveCfg = Debug|Win32
		{DA33E1B7-DA07-4860-9522-828CCD8EB25B}.Release|x64.ActiveCfg = Release|x64
		{DA33E1B7-DA07-4860-9522-828CCD8EB25B}.Release|x64.Build.0 = Release|x64
		{DA33E1B7-DA07-4860-9522-828CCD8EB25B}.Release|x86.ActiveCfg = Release|Win32
		{DA33E1B7-DA07-4860-9522-828CCD8EB25B}.Release|x86.Build.0 = Release|Win32
	EndGlobalSection
	GlobalSection(SolutionProperties) = preSolution
		HideSolutionNode = FALSE
	EndGlobalSection
	GlobalSection(ExtensibilityGlobals) = postSolution
		SolutionGuid = {95D742A7-7572-4E20-A239-3095DA8C2075}
	EndGlobalSection
EndGlobal
